// !$*UTF8*$!
{
	archiveVersion = 1;
	classes = {
	};
	objectVersion = 56;
	objects = {

/* Begin PBXBuildFile section */
		B41C72CC29B78B1C0065AC4A /* FructusApp.swift in Sources */ = {isa = PBXBuildFile; fileRef = B41C72CB29B78B1C0065AC4A /* FructusApp.swift */; };
		B41C72CE29B78B1C0065AC4A /* ContentView.swift in Sources */ = {isa = PBXBuildFile; fileRef = B41C72CD29B78B1C0065AC4A /* ContentView.swift */; };
		B41C72D029B78B1F0065AC4A /* Assets.xcassets in Resources */ = {isa = PBXBuildFile; fileRef = B41C72CF29B78B1F0065AC4A /* Assets.xcassets */; };
		B41C72D329B78B1F0065AC4A /* Preview Assets.xcassets in Resources */ = {isa = PBXBuildFile; fileRef = B41C72D229B78B1F0065AC4A /* Preview Assets.xcassets */; };
		B41C72DC29B78DF50065AC4A /* FruitCardView.swift in Sources */ = {isa = PBXBuildFile; fileRef = B41C72DB29B78DF50065AC4A /* FruitCardView.swift */; };
		B489AC8C29B8C57000D786C2 /* OnboardingView.swift in Sources */ = {isa = PBXBuildFile; fileRef = B489AC8B29B8C57000D786C2 /* OnboardingView.swift */; };
		B4A317D329B8B563005A1759 /* StartButtonView.swift in Sources */ = {isa = PBXBuildFile; fileRef = B4A317D229B8B563005A1759 /* StartButtonView.swift */; };
		B4E1569E29B8C8D700D54EF4 /* FruitModel.swift in Sources */ = {isa = PBXBuildFile; fileRef = B4E1569D29B8C8D700D54EF4 /* FruitModel.swift */; };
		B4E156A129B8C98000D54EF4 /* FruitData.swift in Sources */ = {isa = PBXBuildFile; fileRef = B4E156A029B8C98000D54EF4 /* FruitData.swift */; };
		B4E156A329B8D0B700D54EF4 /* FruitRowView.swift in Sources */ = {isa = PBXBuildFile; fileRef = B4E156A229B8D0B700D54EF4 /* FruitRowView.swift */; };
		B4E156A529B8D44600D54EF4 /* FruitDetailView.swift in Sources */ = {isa = PBXBuildFile; fileRef = B4E156A429B8D44600D54EF4 /* FruitDetailView.swift */; };
		B4E156A729B8D9A700D54EF4 /* FruitHeaderView.swift in Sources */ = {isa = PBXBuildFile; fileRef = B4E156A629B8D9A700D54EF4 /* FruitHeaderView.swift */; };
		B4E156A929B8DB8D00D54EF4 /* SourceLinkView.swift in Sources */ = {isa = PBXBuildFile; fileRef = B4E156A829B8DB8D00D54EF4 /* SourceLinkView.swift */; };
		B4E156AB29B9187900D54EF4 /* FruitNutrientsView.swift in Sources */ = {isa = PBXBuildFile; fileRef = B4E156AA29B9187900D54EF4 /* FruitNutrientsView.swift */; };
/* End PBXBuildFile section */

/* Begin PBXFileReference section */
		B41C72C829B78B1C0065AC4A /* Fructus.app */ = {isa = PBXFileReference; explicitFileType = wrapper.application; includeInIndex = 0; path = Fructus.app; sourceTree = BUILT_PRODUCTS_DIR; };
		B41C72CB29B78B1C0065AC4A /* FructusApp.swift */ = {isa = PBXFileReference; lastKnownFileType = sourcecode.swift; path = FructusApp.swift; sourceTree = "<group>"; };
		B41C72CD29B78B1C0065AC4A /* ContentView.swift */ = {isa = PBXFileReference; lastKnownFileType = sourcecode.swift; path = ContentView.swift; sourceTree = "<group>"; };
		B41C72CF29B78B1F0065AC4A /* Assets.xcassets */ = {isa = PBXFileReference; lastKnownFileType = folder.assetcatalog; path = Assets.xcassets; sourceTree = "<group>"; };
		B41C72D229B78B1F0065AC4A /* Preview Assets.xcassets */ = {isa = PBXFileReference; lastKnownFileType = folder.assetcatalog; path = "Preview Assets.xcassets"; sourceTree = "<group>"; };
		B41C72DB29B78DF50065AC4A /* FruitCardView.swift */ = {isa = PBXFileReference; lastKnownFileType = sourcecode.swift; path = FruitCardView.swift; sourceTree = "<group>"; };
		B489AC8B29B8C57000D786C2 /* OnboardingView.swift */ = {isa = PBXFileReference; lastKnownFileType = sourcecode.swift; path = OnboardingView.swift; sourceTree = "<group>"; };
		B4A317D229B8B563005A1759 /* StartButtonView.swift */ = {isa = PBXFileReference; lastKnownFileType = sourcecode.swift; path = StartButtonView.swift; sourceTree = "<group>"; };
		B4E1569D29B8C8D700D54EF4 /* FruitModel.swift */ = {isa = PBXFileReference; lastKnownFileType = sourcecode.swift; path = FruitModel.swift; sourceTree = "<group>"; };
		B4E156A029B8C98000D54EF4 /* FruitData.swift */ = {isa = PBXFileReference; lastKnownFileType = sourcecode.swift; path = FruitData.swift; sourceTree = "<group>"; };
		B4E156A229B8D0B700D54EF4 /* FruitRowView.swift */ = {isa = PBXFileReference; lastKnownFileType = sourcecode.swift; path = FruitRowView.swift; sourceTree = "<group>"; };
		B4E156A429B8D44600D54EF4 /* FruitDetailView.swift */ = {isa = PBXFileReference; lastKnownFileType = sourcecode.swift; path = FruitDetailView.swift; sourceTree = "<group>"; };
		B4E156A629B8D9A700D54EF4 /* FruitHeaderView.swift */ = {isa = PBXFileReference; lastKnownFileType = sourcecode.swift; path = FruitHeaderView.swift; sourceTree = "<group>"; };
		B4E156A829B8DB8D00D54EF4 /* SourceLinkView.swift */ = {isa = PBXFileReference; lastKnownFileType = sourcecode.swift; path = SourceLinkView.swift; sourceTree = "<group>"; };
		B4E156AA29B9187900D54EF4 /* FruitNutrientsView.swift */ = {isa = PBXFileReference; lastKnownFileType = sourcecode.swift; path = FruitNutrientsView.swift; sourceTree = "<group>"; };
/* End PBXFileReference section */

/* Begin PBXFrameworksBuildPhase section */
		B41C72C529B78B1C0065AC4A /* Frameworks */ = {
			isa = PBXFrameworksBuildPhase;
			buildActionMask = 2147483647;
			files = (
			);
			runOnlyForDeploymentPostprocessing = 0;
		};
/* End PBXFrameworksBuildPhase section */

/* Begin PBXGroup section */
		B41C72BF29B78B1C0065AC4A = {
			isa = PBXGroup;
			children = (
				B41C72CA29B78B1C0065AC4A /* Fructus */,
				B41C72C929B78B1C0065AC4A /* Products */,
			);
			sourceTree = "<group>";
		};
		B41C72C929B78B1C0065AC4A /* Products */ = {
			isa = PBXGroup;
			children = (
				B41C72C829B78B1C0065AC4A /* Fructus.app */,
			);
			name = Products;
			sourceTree = "<group>";
		};
		B41C72CA29B78B1C0065AC4A /* Fructus */ = {
			isa = PBXGroup;
			children = (
				B4E1569F29B8C97500D54EF4 /* Data */,
				B4E1569C29B8C8C500D54EF4 /* Model */,
				B41C72DA29B78DD50065AC4A /* View */,
				B41C72D929B78D9C0065AC4A /* App */,
				B41C72CF29B78B1F0065AC4A /* Assets.xcassets */,
				B41C72D129B78B1F0065AC4A /* Preview Content */,
			);
			path = Fructus;
			sourceTree = "<group>";
		};
		B41C72D129B78B1F0065AC4A /* Preview Content */ = {
			isa = PBXGroup;
			children = (
				B41C72D229B78B1F0065AC4A /* Preview Assets.xcassets */,
			);
			path = "Preview Content";
			sourceTree = "<group>";
		};
		B41C72D929B78D9C0065AC4A /* App */ = {
			isa = PBXGroup;
			children = (
				B41C72CB29B78B1C0065AC4A /* FructusApp.swift */,
				B41C72CD29B78B1C0065AC4A /* ContentView.swift */,
				B489AC8B29B8C57000D786C2 /* OnboardingView.swift */,
				B4E156A429B8D44600D54EF4 /* FruitDetailView.swift */,
			);
			path = App;
			sourceTree = "<group>";
		};
		B41C72DA29B78DD50065AC4A /* View */ = {
			isa = PBXGroup;
			children = (
				B41C72DB29B78DF50065AC4A /* FruitCardView.swift */,
				B4A317D229B8B563005A1759 /* StartButtonView.swift */,
				B4E156A229B8D0B700D54EF4 /* FruitRowView.swift */,
				B4E156A629B8D9A700D54EF4 /* FruitHeaderView.swift */,
				B4E156A829B8DB8D00D54EF4 /* SourceLinkView.swift */,
				B4E156AA29B9187900D54EF4 /* FruitNutrientsView.swift */,
			);
			path = View;
			sourceTree = "<group>";
		};
		B4E1569C29B8C8C500D54EF4 /* Model */ = {
			isa = PBXGroup;
			children = (
				B4E1569D29B8C8D700D54EF4 /* FruitModel.swift */,
			);
			path = Model;
			sourceTree = "<group>";
		};
		B4E1569F29B8C97500D54EF4 /* Data */ = {
			isa = PBXGroup;
			children = (
				B4E156A029B8C98000D54EF4 /* FruitData.swift */,
			);
			path = Data;
			sourceTree = "<group>";
		};
/* End PBXGroup section */

/* Begin PBXNativeTarget section */
		B41C72C729B78B1C0065AC4A /* Fructus */ = {
			isa = PBXNativeTarget;
			buildConfigurationList = B41C72D629B78B1F0065AC4A /* Build configuration list for PBXNativeTarget "Fructus" */;
			buildPhases = (
				B41C72C429B78B1C0065AC4A /* Sources */,
				B41C72C529B78B1C0065AC4A /* Frameworks */,
				B41C72C629B78B1C0065AC4A /* Resources */,
			);
			buildRules = (
			);
			dependencies = (
			);
			name = Fructus;
			productName = Fructus;
			productReference = B41C72C829B78B1C0065AC4A /* Fructus.app */;
			productType = "com.apple.product-type.application";
		};
/* End PBXNativeTarget section */

/* Begin PBXProject section */
		B41C72C029B78B1C0065AC4A /* Project object */ = {
			isa = PBXProject;
			attributes = {
				BuildIndependentTargetsInParallel = 1;
				LastSwiftUpdateCheck = 1420;
				LastUpgradeCheck = 1420;
				TargetAttributes = {
					B41C72C729B78B1C0065AC4A = {
						CreatedOnToolsVersion = 14.2;
					};
				};
			};
			buildConfigurationList = B41C72C329B78B1C0065AC4A /* Build configuration list for PBXProject "Fructus" */;
			compatibilityVersion = "Xcode 14.0";
			developmentRegion = en;
			hasScannedForEncodings = 0;
			knownRegions = (
				en,
				Base,
			);
			mainGroup = B41C72BF29B78B1C0065AC4A;
			productRefGroup = B41C72C929B78B1C0065AC4A /* Products */;
			projectDirPath = "";
			projectRoot = "";
			targets = (
				B41C72C729B78B1C0065AC4A /* Fructus */,
			);
		};
/* End PBXProject section */

/* Begin PBXResourcesBuildPhase section */
		B41C72C629B78B1C0065AC4A /* Resources */ = {
			isa = PBXResourcesBuildPhase;
			buildActionMask = 2147483647;
			files = (
				B41C72D329B78B1F0065AC4A /* Preview Assets.xcassets in Resources */,
				B41C72D029B78B1F0065AC4A /* Assets.xcassets in Resources */,
			);
			runOnlyForDeploymentPostprocessing = 0;
		};
/* End PBXResourcesBuildPhase section */

/* Begin PBXSourcesBuildPhase section */
		B41C72C429B78B1C0065AC4A /* Sources */ = {
			isa = PBXSourcesBuildPhase;
			buildActionMask = 2147483647;
			files = (
				B4E156A129B8C98000D54EF4 /* FruitData.swift in Sources */,
				B4E156A929B8DB8D00D54EF4 /* SourceLinkView.swift in Sources */,
				B41C72DC29B78DF50065AC4A /* FruitCardView.swift in Sources */,
				B4E156A329B8D0B700D54EF4 /* FruitRowView.swift in Sources */,
				B4E156AB29B9187900D54EF4 /* FruitNutrientsView.swift in Sources */,
				B4A317D329B8B563005A1759 /* StartButtonView.swift in Sources */,
				B4E156A529B8D44600D54EF4 /* FruitDetailView.swift in Sources */,
				B41C72CE29B78B1C0065AC4A /* ContentView.swift in Sources */,
				B4E156A729B8D9A700D54EF4 /* FruitHeaderView.swift in Sources */,
				B489AC8C29B8C57000D786C2 /* OnboardingView.swift in Sources */,
				B4E1569E29B8C8D700D54EF4 /* FruitModel.swift in Sources */,
				B41C72CC29B78B1C0065AC4A /* FructusApp.swift in Sources */,
			);
			runOnlyForDeploymentPostprocessing = 0;
		};
/* End PBXSourcesBuildPhase section */

/* Begin XCBuildConfiguration section */
		B41C72D429B78B1F0065AC4A /* Debug */ = {
			isa = XCBuildConfiguration;
			buildSettings = {
				ALWAYS_SEARCH_USER_PATHS = NO;
				CLANG_ANALYZER_NONNULL = YES;
				CLANG_ANALYZER_NUMBER_OBJECT_CONVERSION = YES_AGGRESSIVE;
				CLANG_CXX_LANGUAGE_STANDARD = "gnu++20";
				CLANG_ENABLE_MODULES = YES;
				CLANG_ENABLE_OBJC_ARC = YES;
				CLANG_ENABLE_OBJC_WEAK = YES;
				CLANG_WARN_BLOCK_CAPTURE_AUTORELEASING = YES;
				CLANG_WARN_BOOL_CONVERSION = YES;
				CLANG_WARN_COMMA = YES;
				CLANG_WARN_CONSTANT_CONVERSION = YES;
				CLANG_WARN_DEPRECATED_OBJC_IMPLEMENTATIONS = YES;
				CLANG_WARN_DIRECT_OBJC_ISA_USAGE = YES_ERROR;
				CLANG_WARN_DOCUMENTATION_COMMENTS = YES;
				CLANG_WARN_EMPTY_BODY = YES;
				CLANG_WARN_ENUM_CONVERSION = YES;
				CLANG_WARN_INFINITE_RECURSION = YES;
				CLANG_WARN_INT_CONVERSION = YES;
				CLANG_WARN_NON_LITERAL_NULL_CONVERSION = YES;
				CLANG_WARN_OBJC_IMPLICIT_RETAIN_SELF = YES;
				CLANG_WARN_OBJC_LITERAL_CONVERSION = YES;
				CLANG_WARN_OBJC_ROOT_CLASS = YES_ERROR;
				CLANG_WARN_QUOTED_INCLUDE_IN_FRAMEWORK_HEADER = YES;
				CLANG_WARN_RANGE_LOOP_ANALYSIS = YES;
				CLANG_WARN_STRICT_PROTOTYPES = YES;
				CLANG_WARN_SUSPICIOUS_MOVE = YES;
				CLANG_WARN_UNGUARDED_AVAILABILITY = YES_AGGRESSIVE;
				CLANG_WARN_UNREACHABLE_CODE = YES;
				CLANG_WARN__DUPLICATE_METHOD_MATCH = YES;
				COPY_PHASE_STRIP = NO;
				DEBUG_INFORMATION_FORMAT = dwarf;
				ENABLE_STRICT_OBJC_MSGSEND = YES;
				ENABLE_TESTABILITY = YES;
				GCC_C_LANGUAGE_STANDARD = gnu11;
				GCC_DYNAMIC_NO_PIC = NO;
				GCC_NO_COMMON_BLOCKS = YES;
				GCC_OPTIMIZATION_LEVEL = 0;
				GCC_PREPROCESSOR_DEFINITIONS = (
					"DEBUG=1",
					"$(inherited)",
				);
				GCC_WARN_64_TO_32_BIT_CONVERSION = YES;
				GCC_WARN_ABOUT_RETURN_TYPE = YES_ERROR;
				GCC_WARN_UNDECLARED_SELECTOR = YES;
				GCC_WARN_UNINITIALIZED_AUTOS = YES_AGGRESSIVE;
				GCC_WARN_UNUSED_FUNCTION = YES;
				GCC_WARN_UNUSED_VARIABLE = YES;
				IPHONEOS_DEPLOYMENT_TARGET = 16.2;
				MTL_ENABLE_DEBUG_INFO = INCLUDE_SOURCE;
				MTL_FAST_MATH = YES;
				ONLY_ACTIVE_ARCH = YES;
				SDKROOT = iphoneos;
				SWIFT_ACTIVE_COMPILATION_CONDITIONS = DEBUG;
				SWIFT_OPTIMIZATION_LEVEL = "-Onone";
			};
			name = Debug;
		};
		B41C72D529B78B1F0065AC4A /* Release */ = {
			isa = XCBuildConfiguration;
			buildSettings = {
				ALWAYS_SEARCH_USER_PATHS = NO;
				CLANG_ANALYZER_NONNULL = YES;
				CLANG_ANALYZER_NUMBER_OBJECT_CONVERSION = YES_AGGRESSIVE;
				CLANG_CXX_LANGUAGE_STANDARD = "gnu++20";
				CLANG_ENABLE_MODULES = YES;
				CLANG_ENABLE_OBJC_ARC = YES;
				CLANG_ENABLE_OBJC_WEAK = YES;
				CLANG_WARN_BLOCK_CAPTURE_AUTORELEASING = YES;
				CLANG_WARN_BOOL_CONVERSION = YES;
				CLANG_WARN_COMMA = YES;
				CLANG_WARN_CONSTANT_CONVERSION = YES;
				CLANG_WARN_DEPRECATED_OBJC_IMPLEMENTATIONS = YES;
				CLANG_WARN_DIRECT_OBJC_ISA_USAGE = YES_ERROR;
				CLANG_WARN_DOCUMENTATION_COMMENTS = YES;
				CLANG_WARN_EMPTY_BODY = YES;
				CLANG_WARN_ENUM_CONVERSION = YES;
				CLANG_WARN_INFINITE_RECURSION = YES;
				CLANG_WARN_INT_CONVERSION = YES;
				CLANG_WARN_NON_LITERAL_NULL_CONVERSION = YES;
				CLANG_WARN_OBJC_IMPLICIT_RETAIN_SELF = YES;
				CLANG_WARN_OBJC_LITERAL_CONVERSION = YES;
				CLANG_WARN_OBJC_ROOT_CLASS = YES_ERROR;
				CLANG_WARN_QUOTED_INCLUDE_IN_FRAMEWORK_HEADER = YES;
				CLANG_WARN_RANGE_LOOP_ANALYSIS = YES;
				CLANG_WARN_STRICT_PROTOTYPES = YES;
				CLANG_WARN_SUSPICIOUS_MOVE = YES;
				CLANG_WARN_UNGUARDED_AVAILABILITY = YES_AGGRESSIVE;
				CLANG_WARN_UNREACHABLE_CODE = YES;
				CLANG_WARN__DUPLICATE_METHOD_MATCH = YES;
				COPY_PHASE_STRIP = NO;
				DEBUG_INFORMATION_FORMAT = "dwarf-with-dsym";
				ENABLE_NS_ASSERTIONS = NO;
				ENABLE_STRICT_OBJC_MSGSEND = YES;
				GCC_C_LANGUAGE_STANDARD = gnu11;
				GCC_NO_COMMON_BLOCKS = YES;
				GCC_WARN_64_TO_32_BIT_CONVERSION = YES;
				GCC_WARN_ABOUT_RETURN_TYPE = YES_ERROR;
				GCC_WARN_UNDECLARED_SELECTOR = YES;
				GCC_WARN_UNINITIALIZED_AUTOS = YES_AGGRESSIVE;
				GCC_WARN_UNUSED_FUNCTION = YES;
				GCC_WARN_UNUSED_VARIABLE = YES;
				IPHONEOS_DEPLOYMENT_TARGET = 16.2;
				MTL_ENABLE_DEBUG_INFO = NO;
				MTL_FAST_MATH = YES;
				SDKROOT = iphoneos;
				SWIFT_COMPILATION_MODE = wholemodule;
				SWIFT_OPTIMIZATION_LEVEL = "-O";
				VALIDATE_PRODUCT = YES;
			};
			name = Release;
		};
		B41C72D729B78B1F0065AC4A /* Debug */ = {
			isa = XCBuildConfiguration;
			buildSettings = {
				ASSETCATALOG_COMPILER_APPICON_NAME = AppIcon;
				ASSETCATALOG_COMPILER_GLOBAL_ACCENT_COLOR_NAME = AccentColor;
				CODE_SIGN_STYLE = Automatic;
				CURRENT_PROJECT_VERSION = 1;
				DEVELOPMENT_ASSET_PATHS = "\"Fructus/Preview Content\"";
				ENABLE_PREVIEWS = YES;
				GENERATE_INFOPLIST_FILE = YES;
				INFOPLIST_KEY_UIApplicationSceneManifest_Generation = YES;
				INFOPLIST_KEY_UIApplicationSupportsIndirectInputEvents = YES;
				INFOPLIST_KEY_UILaunchScreen_Generation = YES;
				INFOPLIST_KEY_UISupportedInterfaceOrientations = UIInterfaceOrientationPortrait;
				LD_RUNPATH_SEARCH_PATHS = (
					"$(inherited)",
					"@executable_path/Frameworks",
				);
				MARKETING_VERSION = 1.0;
				PRODUCT_BUNDLE_IDENTIFIER = co.jonathan.Fructus;
				PRODUCT_NAME = "$(TARGET_NAME)";
				SUPPORTED_PLATFORMS = "iphoneos iphonesimulator";
				SUPPORTS_MACCATALYST = NO;
				SUPPORTS_MAC_DESIGNED_FOR_IPHONE_IPAD = NO;
				SWIFT_EMIT_LOC_STRINGS = YES;
				SWIFT_VERSION = 5.0;
				TARGETED_DEVICE_FAMILY = "1,2";
			};
			name = Debug;
		};
		B41C72D829B78B1F0065AC4A /* Release */ = {
			isa = XCBuildConfiguration;
			buildSettings = {
				ASSETCATALOG_COMPILER_APPICON_NAME = AppIcon;
				ASSETCATALOG_COMPILER_GLOBAL_ACCENT_COLOR_NAME = AccentColor;
				CODE_SIGN_STYLE = Automatic;
				CURRENT_PROJECT_VERSION = 1;
				DEVELOPMENT_ASSET_PATHS = "\"Fructus/Preview Content\"";
				ENABLE_PREVIEWS = YES;
				GENERATE_INFOPLIST_FILE = YES;
				INFOPLIST_KEY_UIApplicationSceneManifest_Generation = YES;
				INFOPLIST_KEY_UIApplicationSupportsIndirectInputEvents = YES;
				INFOPLIST_KEY_UILaunchScreen_Generation = YES;
				INFOPLIST_KEY_UISupportedInterfaceOrientations = UIInterfaceOrientationPortrait;
				LD_RUNPATH_SEARCH_PATHS = (
					"$(inherited)",
					"@executable_path/Frameworks",
				);
				MARKETING_VERSION = 1.0;
				PRODUCT_BUNDLE_IDENTIFIER = co.jonathan.Fructus;
				PRODUCT_NAME = "$(TARGET_NAME)";
				SUPPORTED_PLATFORMS = "iphoneos iphonesimulator";
				SUPPORTS_MACCATALYST = NO;
				SUPPORTS_MAC_DESIGNED_FOR_IPHONE_IPAD = NO;
				SWIFT_EMIT_LOC_STRINGS = YES;
				SWIFT_VERSION = 5.0;
				TARGETED_DEVICE_FAMILY = "1,2";
			};
			name = Release;
		};
/* End XCBuildConfiguration section */

/* Begin XCConfigurationList section */
		B41C72C329B78B1C0065AC4A /* Build configuration list for PBXProject "Fructus" */ = {
			isa = XCConfigurationList;
			buildConfigurations = (
				B41C72D429B78B1F0065AC4A /* Debug */,
				B41C72D529B78B1F0065AC4A /* Release */,
			);
			defaultConfigurationIsVisible = 0;
			defaultConfigurationName = Release;
		};
		B41C72D629B78B1F0065AC4A /* Build configuration list for PBXNativeTarget "Fructus" */ = {
			isa = XCConfigurationList;
			buildConfigurations = (
				B41C72D729B78B1F0065AC4A /* Debug */,
				B41C72D829B78B1F0065AC4A /* Release */,
			);
			defaultConfigurationIsVisible = 0;
			defaultConfigurationName = Release;
		};
/* End XCConfigurationList section */
	};
	rootObject = B41C72C029B78B1C0065AC4A /* Project object */;
}
